<?xml version="1.0" encoding="utf-8"?>
<Project ToolsVersion="17.0" xmlns="http://schemas.microsoft.com/developer/msbuild/2003">
  <ItemGroup>
    <ClCompile Include="D:\source\coursework\MatrixIO\MatrixIO.cpp">
      <Filter>Source Files</Filter>
    </ClCompile>
    <ClCompile Include="D:\source\coursework\MatrixIO\mmio.c">
      <Filter>Source Files</Filter>
    </ClCompile>
  </ItemGroup>
  <ItemGroup>
    <ClInclude Include="D:\source\coursework\MatrixIO\MatrixIO.h">
      <Filter>Header Files</Filter>
    </ClInclude>
    <ClInclude Include="D:\source\coursework\MatrixIO\mmio.h">
      <Filter>Header Files</Filter>
    </ClInclude>
  </ItemGroup>
  <ItemGroup>
    <CustomBuild Include="D:\source\coursework\MatrixIO\CMakeLists.txt" />
  </ItemGroup>
  <ItemGroup>
    <Filter Include="Header Files">
      <UniqueIdentifier>{39C8DC05-3176-3E2E-A5EC-CB65ABB641A4}</UniqueIdentifier>
    </Filter>
    <Filter Include="Source Files">
      <UniqueIdentifier>{AA851BFA-9AA1-3145-859C-A9F9A490DE4B}</UniqueIdentifier>
    </Filter>
  </ItemGroup>
</Project>
